
Microsoft Visual Studio Solution File, Format Version 12.00
# Visual Studio Version 17
VisualStudioVersion = 17.13.35913.81 d17.13
MinimumVisualStudioVersion = 10.0.40219.1
Project("{FAE04EC0-301F-11D3-BF4B-00C04F79EFBC}") = "EtteremWPF", "EtteremWPF\EtteremWPF.csproj", "{52E69893-615E-4B8E-8031-D1B503D79C7A}"
EndProject
Global
	GlobalSection(SolutionConfigurationPlatforms) = preSolution
		Debug|Any CPU = Debug|Any CPU
		Release|Any CPU = Release|Any CPU
	EndGlobalSection
	GlobalSection(ProjectConfigurationPlatforms) = postSolution
		{52E69893-615E-4B8E-8031-D1B503D79C7A}.Debug|Any CPU.ActiveCfg = Debug|Any CPU
		{52E69893-615E-4B8E-8031-D1B503D79C7A}.Debug|Any CPU.Build.0 = Debug|Any CPU
		{52E69893-615E-4B8E-8031-D1B503D79C7A}.Release|Any CPU.ActiveCfg = Release|Any CPU
		{52E69893-615E-4B8E-8031-D1B503D79C7A}.Release|Any CPU.Build.0 = Release|Any CPU
	EndGlobalSection
	GlobalSection(SolutionProperties) = preSolution
		HideSolutionNode = FALSE
	EndGlobalSection
	GlobalSection(ExtensibilityGlobals) = postSolution
		SolutionGuid = {F4845905-16E7-462E-85E9-C04A2F439A2A}
	EndGlobalSection
EndGlobal
